{
  "name": "pattern",
  "version": "0.1.0",
  "lockfileVersion": 1,
  "requires": true,
  "dependencies": {
    "@babel/plugin-proposal-decorators": {
      "version": "7.6.0",
      "resolved": "https://registry.npmjs.org/@babel/plugin-proposal-decorators/-/plugin-proposal-decorators-7.6.0.tgz",
      "integrity": "sha512-ZSyYw9trQI50sES6YxREXKu+4b7MAg6Qx2cvyDDYjP2Hpzd3FleOUwC9cqn1+za8d0A2ZU8SHujxFao956efUg==",
      "dev": true
    },
    "ant-design": {
      "version": "1.0.0",
      "resolved": "https://registry.npmjs.org/ant-design/-/ant-design-1.0.0.tgz",
      "integrity": "sha1-U+oKOX2pdjWOiL8GIk+z3nVrh7Q="
    },
    "antd": {
      "version": "3.25.1",
      "resolved": "https://registry.npmjs.org/antd/-/antd-3.25.1.tgz",
      "integrity": "sha512-/ZbialgXQJaWh0gKM+tdpMMnew/sTclJGqq3JeY0GtENHgh7gBzPFs3R1F118lsyvDbM99JXfEnXKgSoVsOflg=="
    },
    "axios": {
      "version": "0.19.0",
      "resolved": "https://registry.npmjs.org/axios/-/axios-0.19.0.tgz",
      "integrity": "sha512-1uvKqKQta3KBxIz14F2v06AEHZ/dIoeKfbTRkK1E5oqjDnuEerLmYTgJB5AiQZHJcljpg1TuRzdjDR06qNk0DQ=="
    },
    "babel-plugin-import": {
      "version": "1.12.2",
      "resolved": "https://registry.npmjs.org/babel-plugin-import/-/babel-plugin-import-1.12.2.tgz",
      "integrity": "sha512-Vz9s+I6vAnsY8sYczU/cdtkKAHSorapa/2St6K+OzowplKizpWxul4HLi3kj1eRmHMFjhbROSMGXP+mFna2nUw=="
    },
    "babel-polyfill": {
      "version": "6.26.0",
      "resolved": "https://registry.npmjs.org/babel-polyfill/-/babel-polyfill-6.26.0.tgz",
      "integrity": "sha1-N5k3q8Z9eJWXCtxiHyhM2WbPIVM=",
      "dependencies": {
        "regenerator-runtime": {
          "version": "0.10.5",
          "resolved": "https://registry.npmjs.org/regenerator-runtime/-/regenerator-runtime-0.10.5.tgz",
          "integrity": "sha1-M2w+/BIgrc7dosn6tntaeVWjNlg="
        }
      }
    },
    "babel-preset-mobx": {
      "version": "2.0.0",
      "resolved": "https://registry.npmjs.org/babel-preset-mobx/-/babel-preset-mobx-2.0.0.tgz",
      "integrity": "sha512-hde0Tcc8P4iij+jlc2ieO3B0RYgWczMhVMEF2i46TkqUBHw9oKOcF0PQ3TA62FRqhs8Td5cISGKoq7ziSXEYgA==",
      "dev": true
    },
    "customize-cra": {
      "version": "0.2.14",
      "resolved": "https://registry.npmjs.org/customize-cra/-/customize-cra-0.2.14.tgz",
      "integrity": "sha512-LtEMXNzkhnnqGPc1dP5fnPlF1ic1dj34hDbRVJIzfMQgOaGByHhx51fTR7fv7sTPEbCPrOBP777MkCo0GPV57g==",
      "dev": true
    },
    "echarts": {
      "version": "4.4.0",
      "resolved": "https://registry.npmjs.org/echarts/-/echarts-4.4.0.tgz",
      "integrity": "sha512-zJD1YaONA2Ib6rKCpkU9rT/K+OFJ/F0/3Mj5FamGLXytBV5g36gsQGv8sYL7fVs/BFj/sn3wemyctlgIHMCA5w=="
    },
    "echarts-for-react": {
      "version": "2.0.15-beta.1",
      "resolved": "https://registry.npmjs.org/echarts-for-react/-/echarts-for-react-2.0.15-beta.1.tgz",
      "integrity": "sha512-wR8XaI3j/4JvTidZrrJVfP/RqSggLRlzKOwcruytyLSA6AyE51T7mK+EucfwZ0NkX8H6tPFCHCvgJH1LyXjiIg=="
    },
    "file-saver": {
      "version": "2.0.2",
      "resolved": "https://registry.npmjs.org/file-saver/-/file-saver-2.0.2.tgz",
      "integrity": "sha512-Wz3c3XQ5xroCxd1G8b7yL0Ehkf0TC9oYC6buPFkNnU9EnaPlifeAFCyCh+iewXTyFRcg0a6j3J7FmJsIhlhBdw==",
      "dev": true
    },
    "hidpi-canvas": {
      "version": "1.0.10",
      "resolved": "https://registry.npmjs.org/hidpi-canvas/-/hidpi-canvas-1.0.10.tgz",
      "integrity": "sha1-0OmZlr9LkaTeETfod8rPF0cWYU0=",
      "dev": true
    },
    "http-proxy-middleware": {
      "version": "0.19.1",
      "resolved": "https://registry.npmjs.org/http-proxy-middleware/-/http-proxy-middleware-0.19.1.tgz",
      "integrity": "sha512-yHYTgWMQO8VvwNS22eLLloAkvungsKdKTLO8AJlftYIKNfJr3GK3zK0ZCfzDDGUBttdGc8xFy1mCitvNKQtC3Q=="
    },
    "less": {
      "version": "3.10.3",
      "resolved": "https://registry.npmjs.org/less/-/less-3.10.3.tgz",
      "integrity": "sha512-vz32vqfgmoxF1h3K4J+yKCtajH0PWmjkIFgbs5d78E/c/e+UQTnI+lWK+1eQRE95PXM2mC3rJlLSSP9VQHnaow==",
      "dependencies": {
        "source-map": {
          "version": "0.6.1",
          "resolved": "https://registry.npmjs.org/source-map/-/source-map-0.6.1.tgz",
          "integrity": "sha512-UjgapumWlbMhkBgzT7Ykc5YXUT46F0iKu8SGXq0bcwP5dz/h0Plj6enJqjz1Zbq2l5WaqYnrVbwWOWMyF3F47g=="
        }
      }
    },
    "less-loader": {
      "version": "5.0.0",
      "resolved": "https://registry.npmjs.org/less-loader/-/less-loader-5.0.0.tgz",
      "integrity": "sha512-bquCU89mO/yWLaUq0Clk7qCsKhsF/TZpJUzETRvJa9KSVEL9SO3ovCvdEHISBhrC81OwC8QSVX7E0bzElZj9cg=="
    },
    "metro-react-native-babel-preset": {
      "version": "0.56.3",
      "resolved": "https://registry.npmjs.org/metro-react-native-babel-preset/-/metro-react-native-babel-preset-0.56.3.tgz",
      "integrity": "sha512-tGPzX2ZwI8vQ8SiNVBPUIgKqmaRNVB6rtJtHCBQZAYRiMbxh0NHCUoFfKBej6U5qVgxiYYHyN8oB23evG4/Oow==",
      "dev": true
    },
    "mobx": {
      "version": "4.15.0",
      "resolved": "https://registry.npmjs.org/mobx/-/mobx-4.15.0.tgz",
      "integrity": "sha512-cEhpWEKSL66m9Y1KbmMdl7X4XY0gDLW/m4H1gLTPhvHuL3uCMw82iyIU97xi92BB6RSCx61AX5yeAgRIxtufjg=="
    },
    "mobx-react": {
      "version": "6.1.4",
      "resolved": "https://registry.npmjs.org/mobx-react/-/mobx-react-6.1.4.tgz",
      "integrity": "sha512-wzrJF1RflhyLh8ne4FJfMbG8ZgRFmZ62b4nbyhJzwQpAmrkSnSsAWG9mIff4ffV/Q7OU+uOYf7rXvSmiuUe4cw=="
    },
    "mockjs": {
      "version": "1.1.0",
      "resolved": "https://registry.npmjs.org/mockjs/-/mockjs-1.1.0.tgz",
      "integrity": "sha512-eQsKcWzIaZzEZ07NuEyO4Nw65g0hdWAyurVol1IPl1gahRwY+svqzfgfey8U8dahLwG44d6/RwEzuK52rSa/JQ=="
    },
    "moment": {
      "version": "2.29.4",
      "resolved": "https://registry.npmjs.org/moment/-/moment-2.29.4.tgz",
      "integrity": "sha512-5LC9SOxjSc2HF6vO2CyuTDNivEdoz2IvyJJGj6X8DJ0eFyfszE0QiEd+iXmBvUP3WHxSjFH/vIsA0EN00cgr8w=="
    },
    "qs": {
      "version": "6.9.1",
      "resolved": "https://registry.npmjs.org/qs/-/qs-6.9.1.tgz",
      "integrity": "sha512-Cxm7/SS/y/Z3MHWSxXb8lIFqgqBowP5JMlTUFyJN88y0SGQhVmZnqFK/PeuMX9LzUyWsqqhNxIyg0jlzq946yA=="
    },
    "react": {
      "version": "16.11.0",
      "resolved": "https://registry.npmjs.org/react/-/react-16.11.0.tgz",
      "integrity": "sha512-M5Y8yITaLmU0ynd0r1Yvfq98Rmll6q8AxaEe88c8e7LxO8fZ2cNgmFt0aGAS9wzf1Ao32NKXtCl+/tVVtkxq6g=="
    },
    "react-app-polyfill": {
      "version": "1.0.4",
      "resolved": "https://registry.npmjs.org/react-app-polyfill/-/react-app-polyfill-1.0.4.tgz",
      "integrity": "sha512-5Vte6ki7jpNsNCUKaboyofAhmURmCn2Y6Hu7ydJ6Iu4dct1CIGoh/1FT7gUZKAbowVX2lxVPlijvp1nKxfAl4w==",
      "dependencies": {
        "core-js": {
          "version": "3.2.1",
          "resolved": "https://registry.npmjs.org/core-js/-/core-js-3.2.1.tgz",
          "integrity": "sha512-Qa5XSVefSVPRxy2XfUC13WbvqkxhkwB3ve+pgCQveNgYzbM/UxZeu1dcOX/xr4UmfUd+muuvsaxilQzCyUurMw=="
        },
        "promise": {
          "version": "8.0.3",
          "resolved": "https://registry.npmjs.org/promise/-/promise-8.0.3.tgz",
          "integrity": "sha512-HeRDUL1RJiLhyA0/grn+PTShlBAcLuh/1BJGtrvjwbvRDCTLLMEz9rOGCV+R3vHY4MixIuoMEd9Yq/XvsTPcjw=="
        },
        "regenerator-runtime": {
          "version": "0.13.3",
          "resolved": "https://registry.npmjs.org/regenerator-runtime/-/regenerator-runtime-0.13.3.tgz",
          "integrity": "sha512-naKIZz2GQ8JWh///G7L3X6LaQUAMp2lvb1rvwwsURe/VXwD6VMfr+/1NuNw3ag8v2kY1aQ/go5SNn79O9JU7yw=="
        }
      }
    },
    "react-app-rewired": {
      "version": "2.1.5",
      "resolved": "https://registry.npmjs.org/react-app-rewired/-/react-app-rewired-2.1.5.tgz",
      "integrity": "sha512-Gr8KfCeL9/PTQs8Vvxc7v8wQ9vCFMnYPhcAkrMlzkLiMFXS+BgSwm11MoERjZm7dpA2WjTi+Pvbu/w7rujAV+A=="
    },
    "react-dom": {
      "version": "16.11.0",
      "resolved": "https://registry.npmjs.org/react-dom/-/react-dom-16.11.0.tgz",
      "integrity": "sha512-nrRyIUE1e7j8PaXSPtyRKtz+2y9ubW/ghNgqKFHHAHaeP0fpF5uXR+sq8IMRHC+ZUxw7W9NyCDTBtwWxvkb0iA=="
    },
    "react-loadable": {
      "version": "5.5.0",
      "resolved": "https://registry.npmjs.org/react-loadable/-/react-loadable-5.5.0.tgz",
      "integrity": "sha512-C8Aui0ZpMd4KokxRdVAm2bQtI03k2RMRNzOB+IipV3yxFTSVICv7WoUr5L9ALB5BmKO1iHgZtWM8EvYG83otdg=="
    },
    "react-router": {
      "version": "5.1.2",
      "resolved": "https://registry.npmjs.org/react-router/-/react-router-5.1.2.tgz",
      "integrity": "sha512-yjEuMFy1ONK246B+rsa0cUam5OeAQ8pyclRDgpxuSCrAlJ1qN9uZ5IgyKC7gQg0w8OM50NXHEegPh/ks9YuR2A=="
    },
    "react-router-dom": {
      "version": "5.1.2",
      "resolved": "https://registry.npmjs.org/react-router-dom/-/react-router-dom-5.1.2.tgz",
      "integrity": "sha512-7BPHAaIwWpZS074UKaw1FjVdZBSVWEk8IuDXdB+OkLb8vd/WRQIpA4ag9WQk61aEfQs47wHyjWUoUGGZxpQXew=="
    },
    "react-scripts": {
      "version": "3.0.1",
      "resolved": "https://registry.npmjs.org/react-scripts/-/react-scripts-3.0.1.tgz",
      "integrity": "sha512-LKEjBhVpEB+c312NeJhzF+NATxF7JkHNr5GhtwMeRS1cMeLElMeIu8Ye7WGHtDP7iz7ra4ryy48Zpo6G/cwWUw==",
      "dependencies": {
        "semver": {
          "version": "6.0.0",
          "resolved": "https://registry.npmjs.org/semver/-/semver-6.0.0.tgz",
          "integrity": "sha512-0UewU+9rFapKFnlbirLi3byoOuhrSsli/z/ihNnvM24vgF+8sNBiI1LZPBSH9wJKUwaUbw+s3hToDLCXkrghrQ=="
        }
      }
    },
    "scp2": {
      "version": "0.5.0",
      "resolved": "https://registry.npmjs.org/scp2/-/scp2-0.5.0.tgz",
      "integrity": "sha1-ZO50vDaF86TGKQ8tqMHjtO75Lo0=",
      "dependencies": {
        "async": {
          "version": "0.9.2",
          "resolved": "https://registry.npmjs.org/async/-/async-0.9.2.tgz",
          "integrity": "sha1-rqdNXmHB+JlhO/ZL2mbUx48v0X0="
        },
        "glob": {
          "version": "7.0.6",
          "resolved": "https://registry.npmjs.org/glob/-/glob-7.0.6.tgz",
          "integrity": "sha1-IRuvr0nlJbjNkyYNFKsTYVKz9Xo="
        },
        "lodash": {
          "version": "4.11.2",
          "resolved": "https://registry.npmjs.org/lodash/-/lodash-4.11.2.tgz",
          "integrity": "sha1-1rQzixEKWOIdrlzrz9u/0rxM2zs="
        }
      }
    },
    "vis": {
      "version": "4.21.0-EOL",
      "resolved": "https://registry.npmjs.org/vis/-/vis-4.21.0-EOL.tgz",
      "integrity": "sha512-JVS1mywKg5S88XbkDJPfCb3n+vlg5fMA8Ae2hzs3KHAwD4ryM5qwlbFZ6ReDfY8te7I4NLCpuCoywJQEehvJlQ=="
    }
  }
}
